{
  "name": "md-reader",
  "version": "1.0.8",
  "lockfileVersion": 3,
  "requires": true,
  "packages": {
    "": {
      "name": "md-reader",
      "version": "1.0.8",
      "license": "GPL-3.0",
      "dependencies": {
        "@capacitor/android": "^8.4.1",
        "@capacitor/core": "^8.4.1",
        "@capacitor/dialog": "^8.0.1",
        "@capacitor/filesystem": "^8.1.2",
        "@tauri-apps/api": "^2.0.0",
        "@tauri-apps/plugin-dialog": "^2.0.0",
        "@tauri-apps/plugin-fs": "^2.0.0",
        "@tauri-apps/plugin-http": "^2.5.9"
      },
      "devDependencies": {
        "@capacitor/cli": "^8.4.1",
        "@tauri-apps/cli": "^2.0.0"
      }
    },
    "node_modules/@capacitor/android": {
      "version": "8.4.1",
      "resolved": "https://registry.npmjs.org/@capacitor/android/-/android-8.4.1.tgz",
      "integrity": "sha512-igtDCJ7QQn0P2qHFD9p4KXaa6V1b2PRNt+MxjVwtjTm/BJvqmiazOJq6rPjwFSZnfHm6iFoZk8TfzHd44pyBGw==",
      "license": "MIT",
      "peerDependencies": {
        "@capacitor/core": "^8.4.0"
      }
    },
    "node_modules/@capacitor/cli": {
      "version": "8.4.1",
      "resolved": "https://registry.npmjs.org/@capacitor/cli/-/cli-8.4.1.tgz",
      "integrity": "sha512-t7F2s7fFHCq113xgrggrmK6ctV0/8E5YfLNVLfPHp4GCTDO+tly9fZvWPf2/sOI8lMm18dLT43qbXLRTz/OZgw==",
      "dev": true,
      "license": "MIT",
      "dependencies": {
        "@ionic/cli-framework-output": "^2.2.8",
        "@ionic/utils-subprocess": "^3.0.1",
        "@ionic/utils-terminal": "^2.3.5",
        "commander": "^12.1.0",
        "debug": "^4.4.0",
        "env-paths": "^2.2.0",
        "fs-extra": "^11.2.0",
        "kleur": "^4.1.5",
        "native-run": "^2.0.3",
        "open": "^8.4.0",
        "plist": "^3.1.0",
        "prompts": "^2.4.2",
        "rimraf": "^6.0.1",
        "semver": "^7.6.3",
        "tar": "^7.5.3",
        "tslib": "^2.8.1",
        "xml2js": "^0.6.2"
      },
      "bin": {
        "cap": "bin/capacitor",
        "capacitor": "bin/capacitor"
      },
      "engines": {
        "node": ">=22.0.0"
      }
    },
    "node_modules/@capacitor/cli/node_modules/fs-extra": {
      "version": "11.3.5",
      "resolved": "https://registry.npmjs.org/fs-extra/-/fs-extra-11.3.5.tgz",
      "integrity": "sha512-eKpRKAovdpZtR1WopLHxlBWvAgPny3c4gX1G5Jhwmmw4XJj0ifSD5qB5TOo8hmA0wlRKDAOAhEE1yVPgs6Fgcg==",
      "dev": true,
      "license": "MIT",
      "dependencies": {
        "graceful-fs": "^4.2.0",
        "jsonfile": "^6.0.1",
        "universalify": "^2.0.0"
      },
      "engines": {
        "node": ">=14.14"
      }
    },
    "node_modules/@capacitor/core": {
      "version": "8.4.1",
      "resolved": "https://registry.npmjs.org/@capacitor/core/-/core-8.4.1.tgz",
      "integrity": "sha512-xqhOGLbTAYeOWK+IDUNSjQJAPapQjRHrIcgk9PYp52or9zFTaaMko31uNi16N6W+CRJ8VrRram6fOYILkBG2Hg==",
      "license": "MIT",
      "dependencies": {
        "tslib": "^2.1.0"
      }
    },
    "node_modules/@capacitor/dialog": {
      "version": "8.0.1",
      "resolved": "https://registry.npmjs.org/@capacitor/dialog/-/dialog-8.0.1.tgz",
      "integrity": "sha512-Dq0mZBsd++7CvPvpD2gfbUB44k/zCoe5K9IgYmMImQ4Yphu4/MxLVpFDFAqSya011UBBTGPrUQGVacIW3jDNkw==",
      "license": "MIT",
      "peerDependencies": {
        "@capacitor/core": ">=8.0.0"
      }
    },
    "node_modules/@capacitor/filesystem": {
      "version": "8.1.2",
      "resolved": "https://registry.npmjs.org/@capacitor/filesystem/-/filesystem-8.1.2.tgz",
      "integrity": "sha512-doaaMfGoFR2hWU6aV6u83I+5ZsGyJVq+Gz4r9lMpJzUKMm1eMu0hLnFdV1aXZlU9FlK/RndFrVD8oRZfNOqWgQ==",
      "license": "MIT",
      "dependencies": {
        "@capacitor/synapse": "^1.0.4"
      },
      "peerDependencies": {
        "@capacitor/core": ">=8.0.0"
      }
    },
    "node_modules/@capacitor/synapse": {
      "version": "1.0.4",
      "resolved": "https://registry.npmjs.org/@capacitor/synapse/-/synapse-1.0.4.tgz",
      "integrity": "sha512-/C1FUo8/OkKuAT4nCIu/34ny9siNHr9qtFezu4kxm6GY1wNFxrCFWjfYx5C1tUhVGz3fxBABegupkpjXvjCHrw==",
      "license": "ISC"
    },
    "node_modules/@ionic/cli-framework-output": {
      "version": "2.2.8",
      "dev": true,
      "license": "MIT",
      "dependencies": {
        "@ionic/utils-terminal": "2.3.5",
        "debug": "^4.0.0",
        "tslib": "^2.0.1"
      },
      "engines": {
        "node": ">=16.0.0"
      }
    },
    "node_modules/@ionic/utils-array": {
      "version": "2.1.6",
      "resolved": "https://registry.npmjs.org/@ionic/utils-array/-/utils-array-2.1.6.tgz",
      "integrity": "sha512-0JZ1Zkp3wURnv8oq6Qt7fMPo5MpjbLoUoa9Bu2Q4PJuSDWM8H8gwF3dQO7VTeUj3/0o1IB1wGkFWZZYgUXZMUg==",
      "dev": true,
      "license": "MIT",
      "dependencies": {
        "debug": "^4.0.0",
        "tslib": "^2.0.1"
      },
      "engines": {
        "node": ">=16.0.0"
      }
    },
    "node_modules/@ionic/utils-fs": {
      "version": "3.1.7",
      "dev": true,
      "license": "MIT",
      "dependencies": {
        "@types/fs-extra": "^8.0.0",
        "debug": "^4.0.0",
        "fs-extra": "^9.0.0",
        "tslib": "^2.0.1"
      },
      "engines": {
        "node": ">=16.0.0"
      }
    },
    "node_modules/@ionic/utils-object": {
      "version": "2.1.6",
      "resolved": "https://registry.npmjs.org/@ionic/utils-object/-/utils-object-2.1.6.tgz",
      "integrity": "sha512-vCl7sl6JjBHFw99CuAqHljYJpcE88YaH2ZW4ELiC/Zwxl5tiwn4kbdP/gxi2OT3MQb1vOtgAmSNRtusvgxI8ww==",
      "dev": true,
      "license": "MIT",
      "dependencies": {
        "debug": "^4.0.0",
        "tslib": "^2.0.1"
      },
      "engines": {
        "node": ">=16.0.0"
      }
    },
    "node_modules/@ionic/utils-process": {
      "version": "2.1.12",
      "resolved": "https://registry.npmjs.org/@ionic/utils-process/-/utils-process-2.1.12.tgz",
      "integrity": "sha512-Jqkgyq7zBs/v/J3YvKtQQiIcxfJyplPgECMWgdO0E1fKrrH8EF0QGHNJ9mJCn6PYe2UtHNS8JJf5G21e09DfYg==",
      "dev": true,
      "license": "MIT",
      "dependencies": {
        "@ionic/utils-object": "2.1.6",
        "@ionic/utils-terminal": "2.3.5",
        "debug": "^4.0.0",
        "signal-exit": "^3.0.3",
        "tree-kill": "^1.2.2",
        "tslib": "^2.0.1"
      },
      "engines": {
        "node": ">=16.0.0"
      }
    },
    "node_modules/@ionic/utils-stream": {
      "version": "3.1.7",
      "resolved": "https://registry.npmjs.org/@ionic/utils-stream/-/utils-stream-3.1.7.tgz",
      "integrity": "sha512-eSELBE7NWNFIHTbTC2jiMvh1ABKGIpGdUIvARsNPMNQhxJB3wpwdiVnoBoTYp+5a6UUIww4Kpg7v6S7iTctH1w==",
      "dev": true,
      "license": "MIT",
      "dependencies": {
        "debug": "^4.0.0",
        "tslib": "^2.0.1"
      },
      "engines": {
        "node": ">=16.0.0"
      }
    },
    "node_modules/@ionic/utils-subprocess": {
      "version": "3.0.1",
      "resolved": "https://registry.npmjs.org/@ionic/utils-subprocess/-/utils-subprocess-3.0.1.tgz",
      "integrity": "sha512-cT4te3AQQPeIM9WCwIg8ohroJ8TjsYaMb2G4ZEgv9YzeDqHZ4JpeIKqG2SoaA3GmVQ3sOfhPM6Ox9sxphV/d1A==",
      "dev": true,
      "license": "MIT",
      "dependencies": {
        "@ionic/utils-array": "2.1.6",
        "@ionic/utils-fs": "3.1.7",
        "@ionic/utils-process": "2.1.12",
        "@ionic/utils-stream": "3.1.7",
        "@ionic/utils-terminal": "2.3.5",
        "cross-spawn": "^7.0.3",
        "debug": "^4.0.0",
        "tslib": "^2.0.1"
      },
      "engines": {
        "node": ">=16.0.0"
      }
    },
    "node_modules/@ionic/utils-terminal": {
      "version": "2.3.5",
      "dev": true,
      "license": "MIT",
      "dependencies": {
        "@types/slice-ansi": "^4.0.0",
        "debug": "^4.0.0",
        "signal-exit": "^3.0.3",
        "slice-ansi": "^4.0.0",
        "string-width": "^4.1.0",
        "strip-ansi": "^6.0.0",
        "tslib": "^2.0.1",
        "untildify": "^4.0.0",
        "wrap-ansi": "^7.0.0"
      },
      "engines": {
        "node": ">=16.0.0"
      }
    },
    "node_modules/@isaacs/fs-minipass": {
      "version": "4.0.1",
      "resolved": "https://registry.npmjs.org/@isaacs/fs-minipass/-/fs-minipass-4.0.1.tgz",
      "integrity": "sha512-wgm9Ehl2jpeqP3zw/7mo3kRHFp5MEDhqAdwy1fTGkHAwnkGOVsgpvQhL8B5n1qlb01jV3n/bI0ZfZp5lWA1k4w==",
      "dev": true,
      "license": "ISC",
      "dependencies": {
        "minipass": "^7.0.4"
      },
      "engines": {
        "node": ">=18.0.0"
      }
    },
    "node_modules/@tauri-apps/api": {
      "version": "2.11.0",
      "license": "Apache-2.0 OR MIT",
      "funding": {
        "type": "opencollective",
        "url": "https://opencollective.com/tauri"
      }
    },
    "node_modules/@tauri-apps/cli": {
      "version": "2.11.2",
      "dev": true,
      "license": "Apache-2.0 OR MIT",
      "bin": {
        "tauri": "tauri.js"
      },
      "engines": {
        "node": ">= 10"
      },
      "funding": {
        "type": "opencollective",
        "url": "https://opencollective.com/tauri"
      },
      "optionalDependencies": {
        "@tauri-apps/cli-darwin-arm64": "2.11.2",
        "@tauri-apps/cli-darwin-x64": "2.11.2",
        "@tauri-apps/cli-linux-arm-gnueabihf": "2.11.2",
        "@tauri-apps/cli-linux-arm64-gnu": "2.11.2",
        "@tauri-apps/cli-linux-arm64-musl": "2.11.2",
        "@tauri-apps/cli-linux-riscv64-gnu": "2.11.2",
        "@tauri-apps/cli-linux-x64-gnu": "2.11.2",
        "@tauri-apps/cli-linux-x64-musl": "2.11.2",
        "@tauri-apps/cli-win32-arm64-msvc": "2.11.2",
        "@tauri-apps/cli-win32-ia32-msvc": "2.11.2",
        "@tauri-apps/cli-win32-x64-msvc": "2.11.2"
      }
    },
    "node_modules/@tauri-apps/cli-win32-x64-msvc": {
      "version": "2.11.2",
      "cpu": [
        "x64"
      ],
      "dev": true,
      "license": "Apache-2.0 OR MIT",
      "optional": true,
      "os": [
        "win32"
      ],
      "engines": {
        "node": ">= 10"
      }
    },
    "node_modules/@tauri-apps/cli/node_modules/@tauri-apps/cli-darwin-arm64": {
      "version": "2.11.2",
      "resolved": "https://registry.npmjs.org/@tauri-apps/cli-darwin-arm64/-/cli-darwin-arm64-2.11.2.tgz",
      "integrity": "sha512-+4UZzLt+eOAEQCwgd+TqKgyUJMrvx+BgdXLLaqJYmPqzP+nE6YZr/hY6CWLYGQb8jFn99jEkmC6uA3tNvamA1w==",
      "cpu": [
        "arm64"
      ],
      "dev": true,
      "license": "Apache-2.0 OR MIT",
      "optional": true,
      "os": [
        "darwin"
      ],
      "engines": {
        "node": ">= 10"
      }
    },
    "node_modules/@tauri-apps/cli/node_modules/@tauri-apps/cli-darwin-x64": {
      "version": "2.11.2",
      "resolved": "https://registry.npmjs.org/@tauri-apps/cli-darwin-x64/-/cli-darwin-x64-2.11.2.tgz",
      "integrity": "sha512-VjYYtZUPqDMLutSfJEyxFE3Bz+DPi7c8wC3imckgvciLDZLq4qwKJxBicg0BXGhXjJsl8vKWgWRFNMPELQ+Xyg==",
      "cpu": [
        "x64"
      ],
      "dev": true,
      "license": "Apache-2.0 OR MIT",
      "optional": true,
      "os": [
        "darwin"
      ],
      "engines": {
        "node": ">= 10"
      }
    },
    "node_modules/@tauri-apps/cli/node_modules/@tauri-apps/cli-linux-arm-gnueabihf": {
      "version": "2.11.2",
      "resolved": "https://registry.npmjs.org/@tauri-apps/cli-linux-arm-gnueabihf/-/cli-linux-arm-gnueabihf-2.11.2.tgz",
      "integrity": "sha512-yMemD6f4i95AQriS8EazyOFzbE34yjnP16i3IOzpHGQvBoy2DjypFMFBq0NtPuITURv/cOGguRtHR5d79/9CSA==",
      "cpu": [
        "arm"
      ],
      "dev": true,
      "license": "Apache-2.0 OR MIT",
      "optional": true,
      "os": [
        "linux"
      ],
      "engines": {
        "node": ">= 10"
      }
    },
    "node_modules/@tauri-apps/cli/node_modules/@tauri-apps/cli-linux-arm64-gnu": {
      "version": "2.11.2",
      "resolved": "https://registry.npmjs.org/@tauri-apps/cli-linux-arm64-gnu/-/cli-linux-arm64-gnu-2.11.2.tgz",
      "integrity": "sha512-cgI91D2wL8GSgoWwZXDqt+DwnuZCP2/bz03QAE4TrhgAKIsrB4hX26W/H1EONPUUNkqrsgeCD0wU6pcNjV/5kw==",
      "cpu": [
        "arm64"
      ],
      "dev": true,
      "license": "Apache-2.0 OR MIT",
      "optional": true,
      "os": [
        "linux"
      ],
      "engines": {
        "node": ">= 10"
      }
    },
    "node_modules/@tauri-apps/cli/node_modules/@tauri-apps/cli-linux-arm64-musl": {
      "version": "2.11.2",
      "resolved": "https://registry.npmjs.org/@tauri-apps/cli-linux-arm64-musl/-/cli-linux-arm64-musl-2.11.2.tgz",
      "integrity": "sha512-X1rm0BERqAAggtYTESSgXrS3sz4Sb/OiPiz54UqISlXW+GkR3vNIGnsy/lejNmoXGVqri3Q53BCfQiclOIyRPw==",
      "cpu": [
        "arm64"
      ],
      "dev": true,
      "license": "Apache-2.0 OR MIT",
      "optional": true,
      "os": [
        "linux"
      ],
      "engines": {
        "node": ">= 10"
      }
    },
    "node_modules/@tauri-apps/cli/node_modules/@tauri-apps/cli-linux-riscv64-gnu": {
      "version": "2.11.2",
      "resolved": "https://registry.npmjs.org/@tauri-apps/cli-linux-riscv64-gnu/-/cli-linux-riscv64-gnu-2.11.2.tgz",
      "integrity": "sha512-usbMLJbT3KtkOrBMDVeGYNM35aTHXx38SJSzTMSqqjeUIOQ+iVPjb2yAGNAE+KqmBbAx4FOFIyMeKXx2M/JKGQ==",
      "cpu": [
        "riscv64"
      ],
      "dev": true,
      "license": "Apache-2.0 OR MIT",
      "optional": true,
      "os": [
        "linux"
      ],
      "engines": {
        "node": ">= 10"
      }
    },
    "node_modules/@tauri-apps/cli/node_modules/@tauri-apps/cli-linux-x64-gnu": {
      "version": "2.11.2",
      "resolved": "https://registry.npmjs.org/@tauri-apps/cli-linux-x64-gnu/-/cli-linux-x64-gnu-2.11.2.tgz",
      "integrity": "sha512-Ru4gwJKPG0ctVGchRGpRup4Y4lW2SSfFnrbQcyHhCliKy4g8Qz97TrUgCur4CbWyAgKxvGh3SjrkA0LDYzDGiw==",
      "cpu": [
        "x64"
      ],
      "dev": true,
      "license": "Apache-2.0 OR MIT",
      "optional": true,
      "os": [
        "linux"
      ],
      "engines": {
        "node": ">= 10"
      }
    },
    "node_modules/@tauri-apps/cli/node_modules/@tauri-apps/cli-linux-x64-musl": {
      "version": "2.11.2",
      "resolved": "https://registry.npmjs.org/@tauri-apps/cli-linux-x64-musl/-/cli-linux-x64-musl-2.11.2.tgz",
      "integrity": "sha512-eUm7T6clN1MMmNSRQ9gaWsQdyehQx2Gmn5hht/QUlqZQI/qcP2OJK5dnaxqwFzCr2HdsEo9ydxaqcS1oJzMvUw==",
      "cpu": [
        "x64"
      ],
      "dev": true,
      "license": "Apache-2.0 OR MIT",
      "optional": true,
      "os": [
        "linux"
      ],
      "engines": {
        "node": ">= 10"
      }
    },
    "node_modules/@tauri-apps/cli/node_modules/@tauri-apps/cli-win32-arm64-msvc": {
      "version": "2.11.2",
      "resolved": "https://registry.npmjs.org/@tauri-apps/cli-win32-arm64-msvc/-/cli-win32-arm64-msvc-2.11.2.tgz",
      "integrity": "sha512-HeeZW80jU+gVTOEX4X/hC6NVSAdDVXajwP5fxIZ/3z9WvUC7qrudX2GMTilYq6Dg0e0sk0XgsAJD1hZ5wPBXUA==",
      "cpu": [
        "arm64"
      ],
      "dev": true,
      "license": "Apache-2.0 OR MIT",
      "optional": true,
      "os": [
        "win32"
      ],
      "engines": {
        "node": ">= 10"
      }
    },
    "node_modules/@tauri-apps/cli/node_modules/@tauri-apps/cli-win32-ia32-msvc": {
      "version": "2.11.2",
      "resolved": "https://registry.npmjs.org/@tauri-apps/cli-win32-ia32-msvc/-/cli-win32-ia32-msvc-2.11.2.tgz",
      "integrity": "sha512-YhjQNZcXfbkCLyazSv1nPnJ9iRFE1wm6kc51FDbU10/Dk09io+6PAGMLjkxnX2GdM0qMnDmTjstY8mTDVvtKeA==",
      "cpu": [
        "ia32"
      ],
      "dev": true,
      "license": "Apache-2.0 OR MIT",
      "optional": true,
      "os": [
        "win32"
      ],
      "engines": {
        "node": ">= 10"
      }
    },
    "node_modules/@tauri-apps/plugin-dialog": {
      "version": "2.7.1",
      "license": "MIT OR Apache-2.0",
      "dependencies": {
        "@tauri-apps/api": "^2.11.0"
      }
    },
    "node_modules/@tauri-apps/plugin-fs": {
      "version": "2.5.1",
      "license": "MIT OR Apache-2.0",
      "dependencies": {
        "@tauri-apps/api": "^2.11.0"
      }
    },
    "node_modules/@tauri-apps/plugin-http": {
      "version": "2.5.9",
      "resolved": "https://registry.npmjs.org/@tauri-apps/plugin-http/-/plugin-http-2.5.9.tgz",
      "integrity": "sha512-lCiY0+vs4HvIUSvZrBs8TC3TiCB0MOPRmiUjTq4prW7SlcJE2jdLeT6KBsJrT9Tlplufl7W1pY6SFAO3gCWxDA==",
      "license": "MIT OR Apache-2.0",
      "dependencies": {
        "@tauri-apps/api": "^2.11.0"
      }
    },
    "node_modules/@types/fs-extra": {
      "version": "8.1.5",
      "dev": true,
      "license": "MIT",
      "dependencies": {
        "@types/node": "*"
      }
    },
    "node_modules/@types/node": {
      "version": "25.9.3",
      "dev": true,
      "license": "MIT",
      "dependencies": {
        "undici-types": ">=7.24.0 <7.24.7"
      }
    },
    "node_modules/@types/slice-ansi": {
      "version": "4.0.0",
      "dev": true,
      "license": "MIT"
    },
    "node_modules/@xmldom/xmldom": {
      "version": "0.9.10",
      "dev": true,
      "license": "MIT",
      "engines": {
        "node": ">=14.6"
      }
    },
    "node_modules/ansi-regex": {
      "version": "5.0.1",
      "dev": true,
      "license": "MIT",
      "engines": {
        "node": ">=8"
      }
    },
    "node_modules/ansi-styles": {
      "version": "4.3.0",
      "dev": true,
      "license": "MIT",
      "dependencies": {
        "color-convert": "^2.0.1"
      },
      "engines": {
        "node": ">=8"
      },
      "funding": {
        "url": "https://github.com/chalk/ansi-styles?sponsor=1"
      }
    },
    "node_modules/astral-regex": {
      "version": "2.0.0",
      "dev": true,
      "license": "MIT",
      "engines": {
        "node": ">=8"
      }
    },
    "node_modules/at-least-node": {
      "version": "1.0.0",
      "dev": true,
      "license": "ISC",
      "engines": {
        "node": ">= 4.0.0"
      }
    },
    "node_modules/balanced-match": {
      "version": "4.0.4",
      "resolved": "https://registry.npmjs.org/balanced-match/-/balanced-match-4.0.4.tgz",
      "integrity": "sha512-BLrgEcRTwX2o6gGxGOCNyMvGSp35YofuYzw9h1IMTRmKqttAZZVU67bdb9Pr2vUHA8+j3i2tJfjO6C6+4myGTA==",
      "dev": true,
      "license": "MIT",
      "engines": {
        "node": "18 || 20 || >=22"
      }
    },
    "node_modules/base64-js": {
      "version": "1.5.1",
      "dev": true,
      "funding": [
        {
          "type": "github",
          "url": "https://github.com/sponsors/feross"
        },
        {
          "type": "patreon",
          "url": "https://www.patreon.com/feross"
        },
        {
          "type": "consulting",
          "url": "https://feross.org/support"
        }
      ],
      "license": "MIT"
    },
    "node_modules/big-integer": {
      "version": "1.6.52",
      "dev": true,
      "license": "Unlicense",
      "engines": {
        "node": ">=0.6"
      }
    },
    "node_modules/bplist-parser": {
      "version": "0.3.2",
      "dev": true,
      "license": "MIT",
      "dependencies": {
        "big-integer": "1.6.x"
      },
      "engines": {
        "node": ">= 5.10.0"
      }
    },
    "node_modules/brace-expansion": {
      "version": "5.0.6",
      "resolved": "https://registry.npmjs.org/brace-expansion/-/brace-expansion-5.0.6.tgz",
      "integrity": "sha512-kLpxurY4Z4r9sgMsyG0Z9uzsBlgiU/EFKhj/h91/8yHu0edo7XuixOIH3VcJ8kkxs6/jPzoI6U9Vj3WqbMQ94g==",
      "dev": true,
      "license": "MIT",
      "dependencies": {
        "balanced-match": "^4.0.2"
      },
      "engines": {
        "node": "18 || 20 || >=22"
      }
    },
    "node_modules/buffer-crc32": {
      "version": "0.2.13",
      "dev": true,
      "license": "MIT",
      "engines": {
        "node": "*"
      }
    },
    "node_modules/chownr": {
      "version": "3.0.0",
      "resolved": "https://registry.npmjs.org/chownr/-/chownr-3.0.0.tgz",
      "integrity": "sha512-+IxzY9BZOQd/XuYPRmrvEVjF/nqj5kgT4kEq7VofrDoM1MxoRjEWkrCC3EtLi59TVawxTAn+orJwFQcrqEN1+g==",
      "dev": true,
      "license": "BlueOak-1.0.0",
      "engines": {
        "node": ">=18"
      }
    },
    "node_modules/color-convert": {
      "version": "2.0.1",
      "dev": true,
      "license": "MIT",
      "dependencies": {
        "color-name": "~1.1.4"
      },
      "engines": {
        "node": ">=7.0.0"
      }
    },
    "node_modules/color-name": {
      "version": "1.1.4",
      "dev": true,
      "license": "MIT"
    },
    "node_modules/commander": {
      "version": "12.1.0",
      "resolved": "https://registry.npmjs.org/commander/-/commander-12.1.0.tgz",
      "integrity": "sha512-Vw8qHK3bZM9y/P10u3Vib8o/DdkvA2OtPtZvD871QKjy74Wj1WSKFILMPRPSdUSx5RFK1arlJzEtA4PkFgnbuA==",
      "dev": true,
      "license": "MIT",
      "engines": {
        "node": ">=18"
      }
    },
    "node_modules/cross-spawn": {
      "version": "7.0.6",
      "resolved": "https://registry.npmjs.org/cross-spawn/-/cross-spawn-7.0.6.tgz",
      "integrity": "sha512-uV2QOWP2nWzsy2aMp8aRibhi9dlzF5Hgh5SHaB9OiTGEyDTiJJyx0uy51QXdyWbtAHNua4XJzUKca3OzKUd3vA==",
      "dev": true,
      "license": "MIT",
      "dependencies": {
        "path-key": "^3.1.0",
        "shebang-command": "^2.0.0",
        "which": "^2.0.1"
      },
      "engines": {
        "node": ">= 8"
      }
    },
    "node_modules/debug": {
      "version": "4.4.3",
      "dev": true,
      "license": "MIT",
      "dependencies": {
        "ms": "^2.1.3"
      },
      "engines": {
        "node": ">=6.0"
      },
      "peerDependenciesMeta": {
        "supports-color": {
          "optional": true
        }
      }
    },
    "node_modules/define-lazy-prop": {
      "version": "2.0.0",
      "dev": true,
      "license": "MIT",
      "engines": {
        "node": ">=8"
      }
    },
    "node_modules/elementtree": {
      "version": "0.1.7",
      "dev": true,
      "license": "Apache-2.0",
      "dependencies": {
        "sax": "1.1.4"
      },
      "engines": {
        "node": ">= 0.4.0"
      }
    },
    "node_modules/emoji-regex": {
      "version": "8.0.0",
      "dev": true,
      "license": "MIT"
    },
    "node_modules/env-paths": {
      "version": "2.2.1",
      "dev": true,
      "license": "MIT",
      "engines": {
        "node": ">=6"
      }
    },
    "node_modules/fd-slicer": {
      "version": "1.1.0",
      "dev": true,
      "license": "MIT",
      "dependencies": {
        "pend": "~1.2.0"
      }
    },
    "node_modules/fs-extra": {
      "version": "9.1.0",
      "dev": true,
      "license": "MIT",
      "dependencies": {
        "at-least-node": "^1.0.0",
        "graceful-fs": "^4.2.0",
        "jsonfile": "^6.0.1",
        "universalify": "^2.0.0"
      },
      "engines": {
        "node": ">=10"
      }
    },
    "node_modules/glob": {
      "version": "13.0.6",
      "resolved": "https://registry.npmjs.org/glob/-/glob-13.0.6.tgz",
      "integrity": "sha512-Wjlyrolmm8uDpm/ogGyXZXb1Z+Ca2B8NbJwqBVg0axK9GbBeoS7yGV6vjXnYdGm6X53iehEuxxbyiKp8QmN4Vw==",
      "dev": true,
      "license": "BlueOak-1.0.0",
      "dependencies": {
        "minimatch": "^10.2.2",
        "minipass": "^7.1.3",
        "path-scurry": "^2.0.2"
      },
      "engines": {
        "node": "18 || 20 || >=22"
      },
      "funding": {
        "url": "https://github.com/sponsors/isaacs"
      }
    },
    "node_modules/graceful-fs": {
      "version": "4.2.11",
      "dev": true,
      "license": "ISC"
    },
    "node_modules/inherits": {
      "version": "2.0.4",
      "dev": true,
      "license": "ISC"
    },
    "node_modules/ini": {
      "version": "4.1.3",
      "dev": true,
      "license": "ISC",
      "engines": {
        "node": "^14.17.0 || ^16.13.0 || >=18.0.0"
      }
    },
    "node_modules/is-docker": {
      "version": "2.2.1",
      "dev": true,
      "license": "MIT",
      "bin": {
        "is-docker": "cli.js"
      },
      "engines": {
        "node": ">=8"
      },
      "funding": {
        "url": "https://github.com/sponsors/sindresorhus"
      }
    },
    "node_modules/is-fullwidth-code-point": {
      "version": "3.0.0",
      "dev": true,
      "license": "MIT",
      "engines": {
        "node": ">=8"
      }
    },
    "node_modules/is-wsl": {
      "version": "2.2.0",
      "dev": true,
      "license": "MIT",
      "dependencies": {
        "is-docker": "^2.0.0"
      },
      "engines": {
        "node": ">=8"
      }
    },
    "node_modules/isexe": {
      "version": "2.0.0",
      "resolved": "https://registry.npmjs.org/isexe/-/isexe-2.0.0.tgz",
      "integrity": "sha512-RHxMLp9lnKHGHRng9QFhRCMbYAcVpn69smSGcq3f36xjgVVWThj4qqLbTLlq7Ssj8B+fIQ1EuCEGI2lKsyQeIw==",
      "dev": true,
      "license": "ISC"
    },
    "node_modules/jsonfile": {
      "version": "6.2.1",
      "dev": true,
      "license": "MIT",
      "dependencies": {
        "universalify": "^2.0.0"
      },
      "optionalDependencies": {
        "graceful-fs": "^4.1.6"
      }
    },
    "node_modules/kleur": {
      "version": "4.1.5",
      "dev": true,
      "license": "MIT",
      "engines": {
        "node": ">=6"
      }
    },
    "node_modules/lru-cache": {
      "version": "11.5.1",
      "resolved": "https://registry.npmjs.org/lru-cache/-/lru-cache-11.5.1.tgz",
      "integrity": "sha512-RPimw/7aMdv2oqRrxKwvZXcPfwBrn/JZ2xYcY9Hus/6LaS3VOAKVWKWgNLCFSiOm1ESXinjsDlidVU7JlnCN2A==",
      "dev": true,
      "license": "BlueOak-1.0.0",
      "engines": {
        "node": "20 || >=22"
      }
    },
    "node_modules/minimatch": {
      "version": "10.2.5",
      "resolved": "https://registry.npmjs.org/minimatch/-/minimatch-10.2.5.tgz",
      "integrity": "sha512-MULkVLfKGYDFYejP07QOurDLLQpcjk7Fw+7jXS2R2czRQzR56yHRveU5NDJEOviH+hETZKSkIk5c+T23GjFUMg==",
      "dev": true,
      "license": "BlueOak-1.0.0",
      "dependencies": {
        "brace-expansion": "^5.0.5"
      },
      "engines": {
        "node": "18 || 20 || >=22"
      },
      "funding": {
        "url": "https://github.com/sponsors/isaacs"
      }
    },
    "node_modules/minipass": {
      "version": "7.1.3",
      "resolved": "https://registry.npmjs.org/minipass/-/minipass-7.1.3.tgz",
      "integrity": "sha512-tEBHqDnIoM/1rXME1zgka9g6Q2lcoCkxHLuc7ODJ5BxbP5d4c2Z5cGgtXAku59200Cx7diuHTOYfSBD8n6mm8A==",
      "dev": true,
      "license": "BlueOak-1.0.0",
      "engines": {
        "node": ">=16 || 14 >=14.17"
      }
    },
    "node_modules/minizlib": {
      "version": "3.1.0",
      "resolved": "https://registry.npmjs.org/minizlib/-/minizlib-3.1.0.tgz",
      "integrity": "sha512-KZxYo1BUkWD2TVFLr0MQoM8vUUigWD3LlD83a/75BqC+4qE0Hb1Vo5v1FgcfaNXvfXzr+5EhQ6ing/CaBijTlw==",
      "dev": true,
      "license": "MIT",
      "dependencies": {
        "minipass": "^7.1.2"
      },
      "engines": {
        "node": ">= 18"
      }
    },
    "node_modules/ms": {
      "version": "2.1.3",
      "dev": true,
      "license": "MIT"
    },
    "node_modules/native-run": {
      "version": "2.0.3",
      "dev": true,
      "license": "MIT",
      "dependencies": {
        "@ionic/utils-fs": "^3.1.7",
        "@ionic/utils-terminal": "^2.3.4",
        "bplist-parser": "^0.3.2",
        "debug": "^4.3.4",
        "elementtree": "^0.1.7",
        "ini": "^4.1.1",
        "plist": "^3.1.0",
        "split2": "^4.2.0",
        "through2": "^4.0.2",
        "tslib": "^2.6.2",
        "yauzl": "^2.10.0"
      },
      "bin": {
        "native-run": "bin/native-run"
      },
      "engines": {
        "node": ">=16.0.0"
      }
    },
    "node_modules/open": {
      "version": "8.4.2",
      "dev": true,
      "license": "MIT",
      "dependencies": {
        "define-lazy-prop": "^2.0.0",
        "is-docker": "^2.1.1",
        "is-wsl": "^2.2.0"
      },
      "engines": {
        "node": ">=12"
      },
      "funding": {
        "url": "https://github.com/sponsors/sindresorhus"
      }
    },
    "node_modules/package-json-from-dist": {
      "version": "1.0.1",
      "resolved": "https://registry.npmjs.org/package-json-from-dist/-/package-json-from-dist-1.0.1.tgz",
      "integrity": "sha512-UEZIS3/by4OC8vL3P2dTXRETpebLI2NiI5vIrjaD/5UtrkFX/tNbwjTSRAGC/+7CAo2pIcBaRgWmcBBHcsaCIw==",
      "dev": true,
      "license": "BlueOak-1.0.0"
    },
    "node_modules/path-key": {
      "version": "3.1.1",
      "resolved": "https://registry.npmjs.org/path-key/-/path-key-3.1.1.tgz",
      "integrity": "sha512-ojmeN0qd+y0jszEtoY48r0Peq5dwMEkIlCOu6Q5f41lfkswXuKtYrhgoTpLnyIcHm24Uhqx+5Tqm2InSwLhE6Q==",
      "dev": true,
      "license": "MIT",
      "engines": {
        "node": ">=8"
      }
    },
    "node_modules/path-scurry": {
      "version": "2.0.2",
      "resolved": "https://registry.npmjs.org/path-scurry/-/path-scurry-2.0.2.tgz",
      "integrity": "sha512-3O/iVVsJAPsOnpwWIeD+d6z/7PmqApyQePUtCndjatj/9I5LylHvt5qluFaBT3I5h3r1ejfR056c+FCv+NnNXg==",
      "dev": true,
      "license": "BlueOak-1.0.0",
      "dependencies": {
        "lru-cache": "^11.0.0",
        "minipass": "^7.1.2"
      },
      "engines": {
        "node": "18 || 20 || >=22"
      },
      "funding": {
        "url": "https://github.com/sponsors/isaacs"
      }
    },
    "node_modules/pend": {
      "version": "1.2.0",
      "dev": true,
      "license": "MIT"
    },
    "node_modules/plist": {
      "version": "3.1.1",
      "dev": true,
      "license": "MIT",
      "dependencies": {
        "@xmldom/xmldom": "^0.9.10",
        "base64-js": "^1.5.1",
        "xmlbuilder": "^15.1.1"
      },
      "engines": {
        "node": ">=10.4.0"
      }
    },
    "node_modules/prompts": {
      "version": "2.4.2",
      "dev": true,
      "license": "MIT",
      "dependencies": {
        "kleur": "^3.0.3",
        "sisteransi": "^1.0.5"
      },
      "engines": {
        "node": ">= 6"
      }
    },
    "node_modules/prompts/node_modules/kleur": {
      "version": "3.0.3",
      "dev": true,
      "license": "MIT",
      "engines": {
        "node": ">=6"
      }
    },
    "node_modules/readable-stream": {
      "version": "3.6.2",
      "dev": true,
      "license": "MIT",
      "dependencies": {
        "inherits": "^2.0.3",
        "string_decoder": "^1.1.1",
        "util-deprecate": "^1.0.1"
      },
      "engines": {
        "node": ">= 6"
      }
    },
    "node_modules/rimraf": {
      "version": "6.1.3",
      "resolved": "https://registry.npmjs.org/rimraf/-/rimraf-6.1.3.tgz",
      "integrity": "sha512-LKg+Cr2ZF61fkcaK1UdkH2yEBBKnYjTyWzTJT6KNPcSPaiT7HSdhtMXQuN5wkTX0Xu72KQ1l8S42rlmexS2hSA==",
      "dev": true,
      "license": "BlueOak-1.0.0",
      "dependencies": {
        "glob": "^13.0.3",
        "package-json-from-dist": "^1.0.1"
      },
      "bin": {
        "rimraf": "dist/esm/bin.mjs"
      },
      "engines": {
        "node": "20 || >=22"
      },
      "funding": {
        "url": "https://github.com/sponsors/isaacs"
      }
    },
    "node_modules/safe-buffer": {
      "version": "5.2.1",
      "dev": true,
      "funding": [
        {
          "type": "github",
          "url": "https://github.com/sponsors/feross"
        },
        {
          "type": "patreon",
          "url": "https://www.patreon.com/feross"
        },
        {
          "type": "consulting",
          "url": "https://feross.org/support"
        }
      ],
      "license": "MIT"
    },
    "node_modules/sax": {
      "version": "1.1.4",
      "dev": true,
      "license": "ISC"
    },
    "node_modules/semver": {
      "version": "7.8.4",
      "dev": true,
      "license": "ISC",
      "bin": {
        "semver": "bin/semver.js"
      },
      "engines": {
        "node": ">=10"
      }
    },
    "node_modules/shebang-command": {
      "version": "2.0.0",
      "resolved": "https://registry.npmjs.org/shebang-command/-/shebang-command-2.0.0.tgz",
      "integrity": "sha512-kHxr2zZpYtdmrN1qDjrrX/Z1rR1kG8Dx+gkpK1G4eXmvXswmcE1hTWBWYUzlraYw1/yZp6YuDY77YtvbN0dmDA==",
      "dev": true,
      "license": "MIT",
      "dependencies": {
        "shebang-regex": "^3.0.0"
      },
      "engines": {
        "node": ">=8"
      }
    },
    "node_modules/shebang-regex": {
      "version": "3.0.0",
      "resolved": "https://registry.npmjs.org/shebang-regex/-/shebang-regex-3.0.0.tgz",
      "integrity": "sha512-7++dFhtcx3353uBaq8DDR4NuxBetBzC7ZQOhmTQInHEd6bSrXdiEyzCvG07Z44UYdLShWUyXt5M/yhz8ekcb1A==",
      "dev": true,
      "license": "MIT",
      "engines": {
        "node": ">=8"
      }
    },
    "node_modules/signal-exit": {
      "version": "3.0.7",
      "dev": true,
      "license": "ISC"
    },
    "node_modules/sisteransi": {
      "version": "1.0.5",
      "dev": true,
      "license": "MIT"
    },
    "node_modules/slice-ansi": {
      "version": "4.0.0",
      "dev": true,
      "license": "MIT",
      "dependencies": {
        "ansi-styles": "^4.0.0",
        "astral-regex": "^2.0.0",
        "is-fullwidth-code-point": "^3.0.0"
      },
      "engines": {
        "node": ">=10"
      },
      "funding": {
        "url": "https://github.com/chalk/slice-ansi?sponsor=1"
      }
    },
    "node_modules/split2": {
      "version": "4.2.0",
      "dev": true,
      "license": "ISC",
      "engines": {
        "node": ">= 10.x"
      }
    },
    "node_modules/string_decoder": {
      "version": "1.3.0",
      "dev": true,
      "license": "MIT",
      "dependencies": {
        "safe-buffer": "~5.2.0"
      }
    },
    "node_modules/string-width": {
      "version": "4.2.3",
      "dev": true,
      "license": "MIT",
      "dependencies": {
        "emoji-regex": "^8.0.0",
        "is-fullwidth-code-point": "^3.0.0",
        "strip-ansi": "^6.0.1"
      },
      "engines": {
        "node": ">=8"
      }
    },
    "node_modules/strip-ansi": {
      "version": "6.0.1",
      "dev": true,
      "license": "MIT",
      "dependencies": {
        "ansi-regex": "^5.0.1"
      },
      "engines": {
        "node": ">=8"
      }
    },
    "node_modules/tar": {
      "version": "7.5.16",
      "resolved": "https://registry.npmjs.org/tar/-/tar-7.5.16.tgz",
      "integrity": "sha512-56adEpPMouktRlBLXiaYFFzZ/3+JXa8P9n7WbR+ibIjtviN55mEaOkiysCnPnWm+7kkui1Dn8J9l+g6zV8731w==",
      "dev": true,
      "license": "BlueOak-1.0.0",
      "dependencies": {
        "@isaacs/fs-minipass": "^4.0.0",
        "chownr": "^3.0.0",
        "minipass": "^7.1.2",
        "minizlib": "^3.1.0",
        "yallist": "^5.0.0"
      },
      "engines": {
        "node": ">=18"
      }
    },
    "node_modules/through2": {
      "version": "4.0.2",
      "dev": true,
      "license": "MIT",
      "dependencies": {
        "readable-stream": "3"
      }
    },
    "node_modules/tree-kill": {
      "version": "1.2.2",
      "resolved": "https://registry.npmjs.org/tree-kill/-/tree-kill-1.2.2.tgz",
      "integrity": "sha512-L0Orpi8qGpRG//Nd+H90vFB+3iHnue1zSSGmNOOCh1GLJ7rUKVwV2HvijphGQS2UmhUZewS9VgvxYIdgr+fG1A==",
      "dev": true,
      "license": "MIT",
      "bin": {
        "tree-kill": "cli.js"
      }
    },
    "node_modules/tslib": {
      "version": "2.8.1",
      "license": "0BSD"
    },
    "node_modules/undici-types": {
      "version": "7.24.6",
      "dev": true,
      "license": "MIT"
    },
    "node_modules/universalify": {
      "version": "2.0.1",
      "dev": true,
      "license": "MIT",
      "engines": {
        "node": ">= 10.0.0"
      }
    },
    "node_modules/untildify": {
      "version": "4.0.0",
      "dev": true,
      "license": "MIT",
      "engines": {
        "node": ">=8"
      }
    },
    "node_modules/util-deprecate": {
      "version": "1.0.2",
      "dev": true,
      "license": "MIT"
    },
    "node_modules/which": {
      "version": "2.0.2",
      "resolved": "https://registry.npmjs.org/which/-/which-2.0.2.tgz",
      "integrity": "sha512-BLI3Tl1TW3Pvl70l3yq3Y64i+awpwXqsGBYWkkqMtnbXgrMD+yj7rhW0kuEDxzJaYXGjEW5ogapKNMEKNMjibA==",
      "dev": true,
      "license": "ISC",
      "dependencies": {
        "isexe": "^2.0.0"
      },
      "bin": {
        "node-which": "bin/node-which"
      },
      "engines": {
        "node": ">= 8"
      }
    },
    "node_modules/wrap-ansi": {
      "version": "7.0.0",
      "dev": true,
      "license": "MIT",
      "dependencies": {
        "ansi-styles": "^4.0.0",
        "string-width": "^4.1.0",
        "strip-ansi": "^6.0.0"
      },
      "engines": {
        "node": ">=10"
      },
      "funding": {
        "url": "https://github.com/chalk/wrap-ansi?sponsor=1"
      }
    },
    "node_modules/xml2js": {
      "version": "0.6.2",
      "resolved": "https://registry.npmjs.org/xml2js/-/xml2js-0.6.2.tgz",
      "integrity": "sha512-T4rieHaC1EXcES0Kxxj4JWgaUQHDk+qwHcYOCFHfiwKz7tOVPLq7Hjq9dM1WCMhylqMEfP7hMcOIChvotiZegA==",
      "dev": true,
      "license": "MIT",
      "dependencies": {
        "sax": ">=0.6.0",
        "xmlbuilder": "~11.0.0"
      },
      "engines": {
        "node": ">=4.0.0"
      }
    },
    "node_modules/xml2js/node_modules/xmlbuilder": {
      "version": "11.0.1",
      "resolved": "https://registry.npmjs.org/xmlbuilder/-/xmlbuilder-11.0.1.tgz",
      "integrity": "sha512-fDlsI/kFEx7gLvbecc0/ohLG50fugQp8ryHzMTuW9vSa1GJ0XYWKnhsUx7oie3G98+r56aTQIUB4kht42R3JvA==",
      "dev": true,
      "license": "MIT",
      "engines": {
        "node": ">=4.0"
      }
    },
    "node_modules/xmlbuilder": {
      "version": "15.1.1",
      "dev": true,
      "license": "MIT",
      "engines": {
        "node": ">=8.0"
      }
    },
    "node_modules/yallist": {
      "version": "5.0.0",
      "resolved": "https://registry.npmjs.org/yallist/-/yallist-5.0.0.tgz",
      "integrity": "sha512-YgvUTfwqyc7UXVMrB+SImsVYSmTS8X/tSrtdNZMImM+n7+QTriRXyXim0mBrTXNeqzVF0KWGgHPeiyViFFrNDw==",
      "dev": true,
      "license": "BlueOak-1.0.0",
      "engines": {
        "node": ">=18"
      }
    },
    "node_modules/yauzl": {
      "version": "2.10.0",
      "dev": true,
      "license": "MIT",
      "dependencies": {
        "buffer-crc32": "~0.2.3",
        "fd-slicer": "~1.1.0"
      }
    }
  }
}
